
Microsoft Visual Studio Solution File, Format Version 12.00
# Visual Studio Version 16
VisualStudioVersion = 16.0.29311.281
MinimumVisualStudioVersion = 10.0.40219.1
Project("{FAE04EC0-301F-11D3-BF4B-00C04F79EFBC}") = "RoundTableUkCustomControls", "RoundTableUkCustomControls.csproj", "{EF604CF6-DC17-470E-B586-E14D6C96324D}"
EndProject
Global
	GlobalSection(SolutionConfigurationPlatforms) = preSolution
		Debug|Any CPU = Debug|Any CPU
		Release|Any CPU = Release|Any CPU
	EndGlobalSection
	GlobalSection(ProjectConfigurationPlatforms) = postSolution
		{EF604CF6-DC17-470E-B586-E14D6C96324D}.Debug|Any CPU.ActiveCfg = Debug|Any CPU
		{EF604CF6-DC17-470E-B586-E14D6C96324D}.Debug|Any CPU.Build.0 = Debug|Any CPU
		{EF604CF6-DC17-470E-B586-E14D6C96324D}.Release|Any CPU.ActiveCfg = Release|Any CPU
		{EF604CF6-DC17-470E-B586-E14D6C96324D}.Release|Any CPU.Build.0 = Release|Any CPU
	EndGlobalSection
	GlobalSection(SolutionProperties) = preSolution
		HideSolutionNode = FALSE
	EndGlobalSection
	GlobalSection(ExtensibilityGlobals) = postSolution
		SolutionGuid = {F0FB496F-85C3-446B-8E9D-0F5E33EE7F63}
	EndGlobalSection
EndGlobal
